
Microsoft Visual Studio Solution File, Format Version 12.00
# Visual Studio Version 16
VisualStudioVersion = 16.0.30413.136
MinimumVisualStudioVersion = 10.0.40219.1
Project("{FAE04EC0-301F-11D3-BF4B-00C04F79EFBC}") = "IoT4SIK.Android", "IoT4SIK\IoT4SIK.Android\IoT4SIK.Android.csproj", "{5D8ADF7E-C9E7-4C63-90A7-BC333D068ECA}"
EndProject
Project("{FAE04EC0-301F-11D3-BF4B-00C04F79EFBC}") = "IoT4SIK", "IoT4SIK\IoT4SIK\IoT4SIK.csproj", "{2DEC64A0-F2BA-4BBA-830C-9BEAD8D69B1C}"
EndProject
Global
	GlobalSection(SolutionConfigurationPlatforms) = preSolution
		Debug|Any CPU = Debug|Any CPU
		Release|Any CPU = Release|Any CPU
	EndGlobalSection
	GlobalSection(ProjectConfigurationPlatforms) = postSolution
		{5D8ADF7E-C9E7-4C63-90A7-BC333D068ECA}.Debug|Any CPU.ActiveCfg = Debug|Any CPU
		{5D8ADF7E-C9E7-4C63-90A7-BC333D068ECA}.Debug|Any CPU.Build.0 = Debug|Any CPU
		{5D8ADF7E-C9E7-4C63-90A7-BC333D068ECA}.Debug|Any CPU.Deploy.0 = Debug|Any CPU
		{5D8ADF7E-C9E7-4C63-90A7-BC333D068ECA}.Release|Any CPU.ActiveCfg = Release|Any CPU
		{5D8ADF7E-C9E7-4C63-90A7-BC333D068ECA}.Release|Any CPU.Build.0 = Release|Any CPU
		{5D8ADF7E-C9E7-4C63-90A7-BC333D068ECA}.Release|Any CPU.Deploy.0 = Release|Any CPU
		{2DEC64A0-F2BA-4BBA-830C-9BEAD8D69B1C}.Debug|Any CPU.ActiveCfg = Debug|Any CPU
		{2DEC64A0-F2BA-4BBA-830C-9BEAD8D69B1C}.Debug|Any CPU.Build.0 = Debug|Any CPU
		{2DEC64A0-F2BA-4BBA-830C-9BEAD8D69B1C}.Debug|Any CPU.Deploy.0 = Debug|Any CPU
		{2DEC64A0-F2BA-4BBA-830C-9BEAD8D69B1C}.Release|Any CPU.ActiveCfg = Release|Any CPU
		{2DEC64A0-F2BA-4BBA-830C-9BEAD8D69B1C}.Release|Any CPU.Build.0 = Release|Any CPU
		{2DEC64A0-F2BA-4BBA-830C-9BEAD8D69B1C}.Release|Any CPU.Deploy.0 = Release|Any CPU
	EndGlobalSection
	GlobalSection(SolutionProperties) = preSolution
		HideSolutionNode = FALSE
	EndGlobalSection
	GlobalSection(ExtensibilityGlobals) = postSolution
		SolutionGuid = {0F9B896B-BF33-4B9E-9005-23CE3DBA3EB1}
	EndGlobalSection
EndGlobal
